
Microsoft Visual Studio Solution File, Format Version 12.00
# Visual Studio Version 17
VisualStudioVersion = 17.0.31903.59
MinimumVisualStudioVersion = 10.0.40219.1
Project("{2150E333-8FDC-42A3-9474-1A3956D46DE8}") = "common", "common", "{34AE3269-F877-4457-AD3E-23469FCF6C8B}"
	ProjectSection(SolutionItems) = preProject
		Directory.Build.props = Directory.Build.props
		Directory.Packages.props = Directory.Packages.props
		docker-compose.yaml = docker-compose.yaml
		docker-compose.docs.yaml = docker-compose.docs.yaml
	EndProjectSection
EndProject
Project("{2150E333-8FDC-42A3-9474-1A3956D46DE8}") = "src", "src", "{E552F08A-0B05-4EA7-8B22-E1D7E8A87979}"
EndProject
Project("{2150E333-8FDC-42A3-9474-1A3956D46DE8}") = "tests", "tests", "{6C36BA41-EB53-445F-A85A-0A23D0745791}"
EndProject
Project("{2150E333-8FDC-42A3-9474-1A3956D46DE8}") = "docs", "docs", "{CD015393-A2F9-4FF0-A3FF-5C09781660DD}"
	ProjectSection(SolutionItems) = preProject
		docs\** = docs\**
	EndProjectSection
EndProject
Project("{2150E333-8FDC-42A3-9474-1A3956D46DE8}") = "decisions", "decisions", "{EE0CB347-F48E-441B-B4CD-38FC60D31919}"
	ProjectSection(SolutionItems) = preProject
		docs\decisions\0001-framework.md = docs\decisions\0001-framework.md
		docs\decisions\0002-rdbms-database.md = docs\decisions\0002-rdbms-database.md
		docs\decisions\0003-caching.md = docs\decisions\0003-caching.md
								docs\decisions\0004-dotnet-project-architecture.md = docs\decisions\0004-dotnet-project-architecture.md
								docs\decisions\0005-service-naming.md = docs\decisions\0005-service-naming.md
	EndProjectSection
EndProject
Project("{2150E333-8FDC-42A3-9474-1A3956D46DE8}") = "documentation", "documentation", "{8C9503B6-40FD-4437-BA03-A72F4791A866}"
	ProjectSection(SolutionItems) = preProject
		docs\documentation\context.md = docs\documentation\context.md
		docs\documentation\functional-overview.md = docs\documentation\functional-overview.md
		docs\documentation\quality-attributes.md = docs\documentation\quality-attributes.md
	EndProjectSection
EndProject
Project("{2150E333-8FDC-42A3-9474-1A3956D46DE8}") = "e2e", "e2e", "{BEDFF57C-89A1-4162-835E-CE870D2969AC}"
EndProject
Project("{2150E333-8FDC-42A3-9474-1A3956D46DE8}") = "unit", "unit", "{D4D7B73F-A5A5-4F90-8690-7A69C26CB8D0}"
EndProject
Project("{2150E333-8FDC-42A3-9474-1A3956D46DE8}") = "integration", "integration", "{DAE7684F-4362-440D-9E12-8A630812D195}"
EndProject
Project("{2150E333-8FDC-42A3-9474-1A3956D46DE8}") = "load", "load", "{D377D4D9-3BFF-4318-B59B-EDEDA39EFB9A}"
	ProjectSection(SolutionItems) = preProject
		tests\load\load.yaml = tests\load\load.yaml
	EndProjectSection
EndProject
Project("{2150E333-8FDC-42A3-9474-1A3956D46DE8}") = "tcs-gateway", "tcs-gateway", "{5595ED92-1928-4AB9-B63D-D2B21EAFE222}"
EndProject
Project("{2150E333-8FDC-42A3-9474-1A3956D46DE8}") = "tcs-route", "tcs-route", "{1D211E44-2D47-4FE5-87CB-43153547BC63}"
EndProject
Project("{2150E333-8FDC-42A3-9474-1A3956D46DE8}") = "tcs-trip", "tcs-trip", "{EA4A53BB-64A5-4E9F-A3D2-FAAA376E34A7}"
EndProject
Project("{2150E333-8FDC-42A3-9474-1A3956D46DE8}") = "tcs-trip-creator", "tcs-trip-creator", "{FBBF58CD-B397-406B-9E05-423FE41BAD79}"
EndProject
Project("{2150E333-8FDC-42A3-9474-1A3956D46DE8}") = "tcs-user-facade", "tcs-user-facade", "{8D6D1F1E-9B66-4B28-BB78-5353673E3428}"
EndProject
Project("{FAE04EC0-301F-11D3-BF4B-00C04F79EFBC}") = "TCS.User.Facade.Presentation", "src\tcs-user-facade\TCS.User.Facade.Presentation\TCS.User.Facade.Presentation.csproj", "{6F298F80-583E-48B2-BA23-443C81BFCCA7}"
EndProject
Project("{FAE04EC0-301F-11D3-BF4B-00C04F79EFBC}") = "TCS.User.Facade.Domain", "src\tcs-user-facade\TCS.User.Facade.Domain\TCS.User.Facade.Domain.csproj", "{F11AB92E-2E2C-4E8F-A8A0-9FAE08727B96}"
EndProject
Project("{FAE04EC0-301F-11D3-BF4B-00C04F79EFBC}") = "TCS.User.Facade.Application", "src\tcs-user-facade\TCS.User.Facade.Application\TCS.User.Facade.Application.csproj", "{35740086-BC55-4D7F-BFD7-2D6056B16D67}"
EndProject
Project("{FAE04EC0-301F-11D3-BF4B-00C04F79EFBC}") = "TCS.User.Facade.Infrastructure", "src\tcs-user-facade\TCS.User.Facade.Infrastructure\TCS.User.Facade.Infrastructure.csproj", "{E74E74C2-83EB-4282-8E37-1F00246BA73E}"
EndProject
Project("{FAE04EC0-301F-11D3-BF4B-00C04F79EFBC}") = "TCS.User.Facade.Infrastructure.Abstraction", "src\tcs-user-facade\TCS.User.Facade.Infrastructure.Abstraction\TCS.User.Facade.Infrastructure.Abstraction.csproj", "{6ECF3573-ACFC-48B5-A6C0-0E2EAC4010A2}"
EndProject
Project("{FAE04EC0-301F-11D3-BF4B-00C04F79EFBC}") = "TCS.Gateway.Core", "src\tcs-gateway\TCS.Gateway.Core\TCS.Gateway.Core.csproj", "{98974986-68D1-484A-9E7A-04EA7779D2C2}"
EndProject
Project("{FAE04EC0-301F-11D3-BF4B-00C04F79EFBC}") = "TCS.Gateway.Presentation", "src\tcs-gateway\TCS.Gateway.Presentation\TCS.Gateway.Presentation.csproj", "{35A4F07C-A009-436A-A11C-F3F25B2B9073}"
EndProject
Project("{FAE04EC0-301F-11D3-BF4B-00C04F79EFBC}") = "TCS.Route.Application", "src\tcs-route\TCS.Route.Application\TCS.Route.Application.csproj", "{B04BF6E9-4176-4276-8183-ECB3A41D5414}"
EndProject
Project("{FAE04EC0-301F-11D3-BF4B-00C04F79EFBC}") = "TCS.Route.Domain", "src\tcs-route\TCS.Route.Domain\TCS.Route.Domain.csproj", "{4720B0AE-8767-43FA-ACA0-D9B5BF4C0A03}"
EndProject
Project("{FAE04EC0-301F-11D3-BF4B-00C04F79EFBC}") = "TCS.Route.Infrastructure", "src\tcs-route\TCS.Route.Infrastructure\TCS.Route.Infrastructure.csproj", "{037D92D4-DE17-4B14-9603-F693F895EDFF}"
EndProject
Project("{FAE04EC0-301F-11D3-BF4B-00C04F79EFBC}") = "TCS.Route.Infrastructure.Abstraction", "src\tcs-route\TCS.Route.Infrastructure.Abstraction\TCS.Route.Infrastructure.Abstraction.csproj", "{03D27622-F414-4666-98FC-B91CA4B5CFA5}"
EndProject
Project("{FAE04EC0-301F-11D3-BF4B-00C04F79EFBC}") = "TCS.Route.Presentation", "src\tcs-route\TCS.Route.Presentation\TCS.Route.Presentation.csproj", "{AAA2F21B-DFE7-4D15-B797-C5091D0F69DA}"
EndProject
Project("{FAE04EC0-301F-11D3-BF4B-00C04F79EFBC}") = "TCS.Trip.Application", "src\tcs-trip\TCS.Trip.Application\TCS.Trip.Application.csproj", "{CE32A92E-3E2B-459A-AEF0-D665CF20A7A3}"
EndProject
Project("{FAE04EC0-301F-11D3-BF4B-00C04F79EFBC}") = "TCS.Trip.Domain", "src\tcs-trip\TCS.Trip.Domain\TCS.Trip.Domain.csproj", "{D40BC634-0BE6-4A30-AC24-E1CE6488CEC2}"
EndProject
Project("{FAE04EC0-301F-11D3-BF4B-00C04F79EFBC}") = "TCS.Trip.Infrastructure", "src\tcs-trip\TCS.Trip.Infrastructure\TCS.Trip.Infrastructure.csproj", "{5F79E9D5-0F41-448E-8AC2-B8790E9E88B2}"
EndProject
Project("{FAE04EC0-301F-11D3-BF4B-00C04F79EFBC}") = "TCS.Trip.Infrastructure.Abstraction", "src\tcs-trip\TCS.Trip.Infrastructure.Abstraction\TCS.Trip.Infrastructure.Abstraction.csproj", "{292B7084-A1F9-4DDC-BB82-844F8568E9AD}"
EndProject
Project("{FAE04EC0-301F-11D3-BF4B-00C04F79EFBC}") = "TCS.Trip.Presentation", "src\tcs-trip\TCS.Trip.Presentation\TCS.Trip.Presentation.csproj", "{A7E0F6B8-EB1D-46FD-AA84-820B0BFC01DF}"
EndProject
Project("{FAE04EC0-301F-11D3-BF4B-00C04F79EFBC}") = "TCS.Trip.Creator.Application", "src\tcs-trip-creator\TCS.Trip.Creator.Application\TCS.Trip.Creator.Application.csproj", "{B6F0060A-D126-4EDF-ACD5-A6A1A13494FD}"
EndProject
Project("{FAE04EC0-301F-11D3-BF4B-00C04F79EFBC}") = "TCS.Trip.Creator.Domain", "src\tcs-trip-creator\TCS.Trip.Creator.Domain\TCS.Trip.Creator.Domain.csproj", "{F900C345-C1CB-4B7F-8580-89CB9F669603}"
EndProject
Project("{FAE04EC0-301F-11D3-BF4B-00C04F79EFBC}") = "TCS.Trip.Creator.Infrastructure", "src\tcs-trip-creator\TCS.Trip.Creator.Infrastructure\TCS.Trip.Creator.Infrastructure.csproj", "{75673073-E5DB-468A-B844-45290245E44E}"
EndProject
Project("{FAE04EC0-301F-11D3-BF4B-00C04F79EFBC}") = "TCS.Trip.Creator.Infrastructure.Abstraction", "src\tcs-trip-creator\TCS.Trip.Creator.Infrastructure.Abstraction\TCS.Trip.Creator.Infrastructure.Abstraction.csproj", "{489B9691-B182-4FA7-9FE2-9CA5427321C4}"
EndProject
Project("{FAE04EC0-301F-11D3-BF4B-00C04F79EFBC}") = "TCS.Trip.Creator.Presentation", "src\tcs-trip-creator\TCS.Trip.Creator.Presentation\TCS.Trip.Creator.Presentation.csproj", "{65143C5E-98F8-4185-8696-BE3F184C7515}"
EndProject
Project("{FAE04EC0-301F-11D3-BF4B-00C04F79EFBC}") = "TCS.Route.Presentation.IntegrationTests", "tests\integration\TCS.Route.Presentation.IntegrationTests\TCS.Route.Presentation.IntegrationTests.csproj", "{AB7F7B16-D880-4521-AD2C-6D0EF5C5A1E0}"
EndProject
Project("{FAE04EC0-301F-11D3-BF4B-00C04F79EFBC}") = "TCS.Trip.Presentation.IntegrationTests", "tests\integration\TCS.Trip.Presentation.IntegrationTests\TCS.Trip.Presentation.IntegrationTests.csproj", "{12D7D848-A55B-4A60-9FE7-87E0AE5FFDB2}"
EndProject
Project("{FAE04EC0-301F-11D3-BF4B-00C04F79EFBC}") = "TCS.Trip.Creator.Presentation.IntegrationTests", "tests\integration\TCS.Trip.Creator.Presentation.IntegrationTests\TCS.Trip.Creator.Presentation.IntegrationTests.csproj", "{1B15DF07-D099-4B84-B636-2B79131AA7E8}"
EndProject
Project("{FAE04EC0-301F-11D3-BF4B-00C04F79EFBC}") = "TCS.User.Facade.Presentation.IntegrationTests", "tests\integration\TCS.User.Facade.Presentation.IntegrationTests\TCS.User.Facade.Presentation.IntegrationTests.csproj", "{67B73767-35E7-4582-830F-936DB25CF272}"
EndProject
Project("{FAE04EC0-301F-11D3-BF4B-00C04F79EFBC}") = "TCS.User.Facade.Presentation.UnitTests", "tests\unit\TCS.User.Facade.Presentation.UnitTests\TCS.User.Facade.Presentation.UnitTests.csproj", "{24A41298-3626-4234-933D-35B53A8CA5F8}"
EndProject
Project("{FAE04EC0-301F-11D3-BF4B-00C04F79EFBC}") = "TCS.Trip.Presentation.UnitTests", "tests\unit\TCS.Trip.Presentation.UnitTests\TCS.Trip.Presentation.UnitTests.csproj", "{A066203A-8584-4D70-923F-D1BD880100A9}"
EndProject
Project("{FAE04EC0-301F-11D3-BF4B-00C04F79EFBC}") = "TCS.Trip.Creator.Presentation.UnitTests", "tests\unit\TCS.Trip.Creator.Presentation.UnitTests\TCS.Trip.Creator.Presentation.UnitTests.csproj", "{AA2D8D66-3703-4696-AF66-CC941A56C8AE}"
EndProject
Project("{FAE04EC0-301F-11D3-BF4B-00C04F79EFBC}") = "TCS.Route.Presentation.UnitTests", "tests\unit\TCS.Route.Presentation.UnitTests\TCS.Route.Presentation.UnitTests.csproj", "{F1B41467-286C-42BA-A13C-AC5A2F47F476}"
EndProject
Global
	GlobalSection(SolutionConfigurationPlatforms) = preSolution
		Debug|Any CPU = Debug|Any CPU
		Release|Any CPU = Release|Any CPU
	EndGlobalSection
	GlobalSection(SolutionProperties) = preSolution
		HideSolutionNode = FALSE
	EndGlobalSection
	GlobalSection(NestedProjects) = preSolution
		{CD015393-A2F9-4FF0-A3FF-5C09781660DD} = {34AE3269-F877-4457-AD3E-23469FCF6C8B}
		{EE0CB347-F48E-441B-B4CD-38FC60D31919} = {CD015393-A2F9-4FF0-A3FF-5C09781660DD}
		{8C9503B6-40FD-4437-BA03-A72F4791A866} = {CD015393-A2F9-4FF0-A3FF-5C09781660DD}
		{BEDFF57C-89A1-4162-835E-CE870D2969AC} = {6C36BA41-EB53-445F-A85A-0A23D0745791}
		{D4D7B73F-A5A5-4F90-8690-7A69C26CB8D0} = {6C36BA41-EB53-445F-A85A-0A23D0745791}
		{DAE7684F-4362-440D-9E12-8A630812D195} = {6C36BA41-EB53-445F-A85A-0A23D0745791}
		{D377D4D9-3BFF-4318-B59B-EDEDA39EFB9A} = {6C36BA41-EB53-445F-A85A-0A23D0745791}
		{5595ED92-1928-4AB9-B63D-D2B21EAFE222} = {E552F08A-0B05-4EA7-8B22-E1D7E8A87979}
		{1D211E44-2D47-4FE5-87CB-43153547BC63} = {E552F08A-0B05-4EA7-8B22-E1D7E8A87979}
		{EA4A53BB-64A5-4E9F-A3D2-FAAA376E34A7} = {E552F08A-0B05-4EA7-8B22-E1D7E8A87979}
		{FBBF58CD-B397-406B-9E05-423FE41BAD79} = {E552F08A-0B05-4EA7-8B22-E1D7E8A87979}
		{8D6D1F1E-9B66-4B28-BB78-5353673E3428} = {E552F08A-0B05-4EA7-8B22-E1D7E8A87979}
		{6F298F80-583E-48B2-BA23-443C81BFCCA7} = {8D6D1F1E-9B66-4B28-BB78-5353673E3428}
		{F11AB92E-2E2C-4E8F-A8A0-9FAE08727B96} = {8D6D1F1E-9B66-4B28-BB78-5353673E3428}
		{35740086-BC55-4D7F-BFD7-2D6056B16D67} = {8D6D1F1E-9B66-4B28-BB78-5353673E3428}
		{E74E74C2-83EB-4282-8E37-1F00246BA73E} = {8D6D1F1E-9B66-4B28-BB78-5353673E3428}
		{6ECF3573-ACFC-48B5-A6C0-0E2EAC4010A2} = {8D6D1F1E-9B66-4B28-BB78-5353673E3428}
		{98974986-68D1-484A-9E7A-04EA7779D2C2} = {5595ED92-1928-4AB9-B63D-D2B21EAFE222}
		{35A4F07C-A009-436A-A11C-F3F25B2B9073} = {5595ED92-1928-4AB9-B63D-D2B21EAFE222}
		{B04BF6E9-4176-4276-8183-ECB3A41D5414} = {1D211E44-2D47-4FE5-87CB-43153547BC63}
		{4720B0AE-8767-43FA-ACA0-D9B5BF4C0A03} = {1D211E44-2D47-4FE5-87CB-43153547BC63}
		{037D92D4-DE17-4B14-9603-F693F895EDFF} = {1D211E44-2D47-4FE5-87CB-43153547BC63}
		{03D27622-F414-4666-98FC-B91CA4B5CFA5} = {1D211E44-2D47-4FE5-87CB-43153547BC63}
		{AAA2F21B-DFE7-4D15-B797-C5091D0F69DA} = {1D211E44-2D47-4FE5-87CB-43153547BC63}
		{CE32A92E-3E2B-459A-AEF0-D665CF20A7A3} = {EA4A53BB-64A5-4E9F-A3D2-FAAA376E34A7}
		{D40BC634-0BE6-4A30-AC24-E1CE6488CEC2} = {EA4A53BB-64A5-4E9F-A3D2-FAAA376E34A7}
		{5F79E9D5-0F41-448E-8AC2-B8790E9E88B2} = {EA4A53BB-64A5-4E9F-A3D2-FAAA376E34A7}
		{292B7084-A1F9-4DDC-BB82-844F8568E9AD} = {EA4A53BB-64A5-4E9F-A3D2-FAAA376E34A7}
		{A7E0F6B8-EB1D-46FD-AA84-820B0BFC01DF} = {EA4A53BB-64A5-4E9F-A3D2-FAAA376E34A7}
		{B6F0060A-D126-4EDF-ACD5-A6A1A13494FD} = {FBBF58CD-B397-406B-9E05-423FE41BAD79}
		{F900C345-C1CB-4B7F-8580-89CB9F669603} = {FBBF58CD-B397-406B-9E05-423FE41BAD79}
		{75673073-E5DB-468A-B844-45290245E44E} = {FBBF58CD-B397-406B-9E05-423FE41BAD79}
		{489B9691-B182-4FA7-9FE2-9CA5427321C4} = {FBBF58CD-B397-406B-9E05-423FE41BAD79}
		{65143C5E-98F8-4185-8696-BE3F184C7515} = {FBBF58CD-B397-406B-9E05-423FE41BAD79}
		{AB7F7B16-D880-4521-AD2C-6D0EF5C5A1E0} = {DAE7684F-4362-440D-9E12-8A630812D195}
		{12D7D848-A55B-4A60-9FE7-87E0AE5FFDB2} = {DAE7684F-4362-440D-9E12-8A630812D195}
		{1B15DF07-D099-4B84-B636-2B79131AA7E8} = {DAE7684F-4362-440D-9E12-8A630812D195}
		{67B73767-35E7-4582-830F-936DB25CF272} = {DAE7684F-4362-440D-9E12-8A630812D195}
		{24A41298-3626-4234-933D-35B53A8CA5F8} = {D4D7B73F-A5A5-4F90-8690-7A69C26CB8D0}
		{A066203A-8584-4D70-923F-D1BD880100A9} = {D4D7B73F-A5A5-4F90-8690-7A69C26CB8D0}
		{AA2D8D66-3703-4696-AF66-CC941A56C8AE} = {D4D7B73F-A5A5-4F90-8690-7A69C26CB8D0}
		{F1B41467-286C-42BA-A13C-AC5A2F47F476} = {D4D7B73F-A5A5-4F90-8690-7A69C26CB8D0}
	EndGlobalSection
	GlobalSection(ProjectConfigurationPlatforms) = postSolution
		{6F298F80-583E-48B2-BA23-443C81BFCCA7}.Debug|Any CPU.ActiveCfg = Debug|Any CPU
		{6F298F80-583E-48B2-BA23-443C81BFCCA7}.Debug|Any CPU.Build.0 = Debug|Any CPU
		{6F298F80-583E-48B2-BA23-443C81BFCCA7}.Release|Any CPU.ActiveCfg = Release|Any CPU
		{6F298F80-583E-48B2-BA23-443C81BFCCA7}.Release|Any CPU.Build.0 = Release|Any CPU
		{F11AB92E-2E2C-4E8F-A8A0-9FAE08727B96}.Debug|Any CPU.ActiveCfg = Debug|Any CPU
		{F11AB92E-2E2C-4E8F-A8A0-9FAE08727B96}.Debug|Any CPU.Build.0 = Debug|Any CPU
		{F11AB92E-2E2C-4E8F-A8A0-9FAE08727B96}.Release|Any CPU.ActiveCfg = Release|Any CPU
		{F11AB92E-2E2C-4E8F-A8A0-9FAE08727B96}.Release|Any CPU.Build.0 = Release|Any CPU
		{35740086-BC55-4D7F-BFD7-2D6056B16D67}.Debug|Any CPU.ActiveCfg = Debug|Any CPU
		{35740086-BC55-4D7F-BFD7-2D6056B16D67}.Debug|Any CPU.Build.0 = Debug|Any CPU
		{35740086-BC55-4D7F-BFD7-2D6056B16D67}.Release|Any CPU.ActiveCfg = Release|Any CPU
		{35740086-BC55-4D7F-BFD7-2D6056B16D67}.Release|Any CPU.Build.0 = Release|Any CPU
		{E74E74C2-83EB-4282-8E37-1F00246BA73E}.Debug|Any CPU.ActiveCfg = Debug|Any CPU
		{E74E74C2-83EB-4282-8E37-1F00246BA73E}.Debug|Any CPU.Build.0 = Debug|Any CPU
		{E74E74C2-83EB-4282-8E37-1F00246BA73E}.Release|Any CPU.ActiveCfg = Release|Any CPU
		{E74E74C2-83EB-4282-8E37-1F00246BA73E}.Release|Any CPU.Build.0 = Release|Any CPU
		{6ECF3573-ACFC-48B5-A6C0-0E2EAC4010A2}.Debug|Any CPU.ActiveCfg = Debug|Any CPU
		{6ECF3573-ACFC-48B5-A6C0-0E2EAC4010A2}.Debug|Any CPU.Build.0 = Debug|Any CPU
		{6ECF3573-ACFC-48B5-A6C0-0E2EAC4010A2}.Release|Any CPU.ActiveCfg = Release|Any CPU
		{6ECF3573-ACFC-48B5-A6C0-0E2EAC4010A2}.Release|Any CPU.Build.0 = Release|Any CPU
		{98974986-68D1-484A-9E7A-04EA7779D2C2}.Debug|Any CPU.ActiveCfg = Debug|Any CPU
		{98974986-68D1-484A-9E7A-04EA7779D2C2}.Debug|Any CPU.Build.0 = Debug|Any CPU
		{98974986-68D1-484A-9E7A-04EA7779D2C2}.Release|Any CPU.ActiveCfg = Release|Any CPU
		{98974986-68D1-484A-9E7A-04EA7779D2C2}.Release|Any CPU.Build.0 = Release|Any CPU
		{35A4F07C-A009-436A-A11C-F3F25B2B9073}.Debug|Any CPU.ActiveCfg = Debug|Any CPU
		{35A4F07C-A009-436A-A11C-F3F25B2B9073}.Debug|Any CPU.Build.0 = Debug|Any CPU
		{35A4F07C-A009-436A-A11C-F3F25B2B9073}.Release|Any CPU.ActiveCfg = Release|Any CPU
		{35A4F07C-A009-436A-A11C-F3F25B2B9073}.Release|Any CPU.Build.0 = Release|Any CPU
		{B04BF6E9-4176-4276-8183-ECB3A41D5414}.Debug|Any CPU.ActiveCfg = Debug|Any CPU
		{B04BF6E9-4176-4276-8183-ECB3A41D5414}.Debug|Any CPU.Build.0 = Debug|Any CPU
		{B04BF6E9-4176-4276-8183-ECB3A41D5414}.Release|Any CPU.ActiveCfg = Release|Any CPU
		{B04BF6E9-4176-4276-8183-ECB3A41D5414}.Release|Any CPU.Build.0 = Release|Any CPU
		{4720B0AE-8767-43FA-ACA0-D9B5BF4C0A03}.Debug|Any CPU.ActiveCfg = Debug|Any CPU
		{4720B0AE-8767-43FA-ACA0-D9B5BF4C0A03}.Debug|Any CPU.Build.0 = Debug|Any CPU
		{4720B0AE-8767-43FA-ACA0-D9B5BF4C0A03}.Release|Any CPU.ActiveCfg = Release|Any CPU
		{4720B0AE-8767-43FA-ACA0-D9B5BF4C0A03}.Release|Any CPU.Build.0 = Release|Any CPU
		{037D92D4-DE17-4B14-9603-F693F895EDFF}.Debug|Any CPU.ActiveCfg = Debug|Any CPU
		{037D92D4-DE17-4B14-9603-F693F895EDFF}.Debug|Any CPU.Build.0 = Debug|Any CPU
		{037D92D4-DE17-4B14-9603-F693F895EDFF}.Release|Any CPU.ActiveCfg = Release|Any CPU
		{037D92D4-DE17-4B14-9603-F693F895EDFF}.Release|Any CPU.Build.0 = Release|Any CPU
		{03D27622-F414-4666-98FC-B91CA4B5CFA5}.Debug|Any CPU.ActiveCfg = Debug|Any CPU
		{03D27622-F414-4666-98FC-B91CA4B5CFA5}.Debug|Any CPU.Build.0 = Debug|Any CPU
		{03D27622-F414-4666-98FC-B91CA4B5CFA5}.Release|Any CPU.ActiveCfg = Release|Any CPU
		{03D27622-F414-4666-98FC-B91CA4B5CFA5}.Release|Any CPU.Build.0 = Release|Any CPU
		{AAA2F21B-DFE7-4D15-B797-C5091D0F69DA}.Debug|Any CPU.ActiveCfg = Debug|Any CPU
		{AAA2F21B-DFE7-4D15-B797-C5091D0F69DA}.Debug|Any CPU.Build.0 = Debug|Any CPU
		{AAA2F21B-DFE7-4D15-B797-C5091D0F69DA}.Release|Any CPU.ActiveCfg = Release|Any CPU
		{AAA2F21B-DFE7-4D15-B797-C5091D0F69DA}.Release|Any CPU.Build.0 = Release|Any CPU
		{CE32A92E-3E2B-459A-AEF0-D665CF20A7A3}.Debug|Any CPU.ActiveCfg = Debug|Any CPU
		{CE32A92E-3E2B-459A-AEF0-D665CF20A7A3}.Debug|Any CPU.Build.0 = Debug|Any CPU
		{CE32A92E-3E2B-459A-AEF0-D665CF20A7A3}.Release|Any CPU.ActiveCfg = Release|Any CPU
		{CE32A92E-3E2B-459A-AEF0-D665CF20A7A3}.Release|Any CPU.Build.0 = Release|Any CPU
		{D40BC634-0BE6-4A30-AC24-E1CE6488CEC2}.Debug|Any CPU.ActiveCfg = Debug|Any CPU
		{D40BC634-0BE6-4A30-AC24-E1CE6488CEC2}.Debug|Any CPU.Build.0 = Debug|Any CPU
		{D40BC634-0BE6-4A30-AC24-E1CE6488CEC2}.Release|Any CPU.ActiveCfg = Release|Any CPU
		{D40BC634-0BE6-4A30-AC24-E1CE6488CEC2}.Release|Any CPU.Build.0 = Release|Any CPU
		{5F79E9D5-0F41-448E-8AC2-B8790E9E88B2}.Debug|Any CPU.ActiveCfg = Debug|Any CPU
		{5F79E9D5-0F41-448E-8AC2-B8790E9E88B2}.Debug|Any CPU.Build.0 = Debug|Any CPU
		{5F79E9D5-0F41-448E-8AC2-B8790E9E88B2}.Release|Any CPU.ActiveCfg = Release|Any CPU
		{5F79E9D5-0F41-448E-8AC2-B8790E9E88B2}.Release|Any CPU.Build.0 = Release|Any CPU
		{292B7084-A1F9-4DDC-BB82-844F8568E9AD}.Debug|Any CPU.ActiveCfg = Debug|Any CPU
		{292B7084-A1F9-4DDC-BB82-844F8568E9AD}.Debug|Any CPU.Build.0 = Debug|Any CPU
		{292B7084-A1F9-4DDC-BB82-844F8568E9AD}.Release|Any CPU.ActiveCfg = Release|Any CPU
		{292B7084-A1F9-4DDC-BB82-844F8568E9AD}.Release|Any CPU.Build.0 = Release|Any CPU
		{A7E0F6B8-EB1D-46FD-AA84-820B0BFC01DF}.Debug|Any CPU.ActiveCfg = Debug|Any CPU
		{A7E0F6B8-EB1D-46FD-AA84-820B0BFC01DF}.Debug|Any CPU.Build.0 = Debug|Any CPU
		{A7E0F6B8-EB1D-46FD-AA84-820B0BFC01DF}.Release|Any CPU.ActiveCfg = Release|Any CPU
		{A7E0F6B8-EB1D-46FD-AA84-820B0BFC01DF}.Release|Any CPU.Build.0 = Release|Any CPU
		{B6F0060A-D126-4EDF-ACD5-A6A1A13494FD}.Debug|Any CPU.ActiveCfg = Debug|Any CPU
		{B6F0060A-D126-4EDF-ACD5-A6A1A13494FD}.Debug|Any CPU.Build.0 = Debug|Any CPU
		{B6F0060A-D126-4EDF-ACD5-A6A1A13494FD}.Release|Any CPU.ActiveCfg = Release|Any CPU
		{B6F0060A-D126-4EDF-ACD5-A6A1A13494FD}.Release|Any CPU.Build.0 = Release|Any CPU
		{F900C345-C1CB-4B7F-8580-89CB9F669603}.Debug|Any CPU.ActiveCfg = Debug|Any CPU
		{F900C345-C1CB-4B7F-8580-89CB9F669603}.Debug|Any CPU.Build.0 = Debug|Any CPU
		{F900C345-C1CB-4B7F-8580-89CB9F669603}.Release|Any CPU.ActiveCfg = Release|Any CPU
		{F900C345-C1CB-4B7F-8580-89CB9F669603}.Release|Any CPU.Build.0 = Release|Any CPU
		{75673073-E5DB-468A-B844-45290245E44E}.Debug|Any CPU.ActiveCfg = Debug|Any CPU
		{75673073-E5DB-468A-B844-45290245E44E}.Debug|Any CPU.Build.0 = Debug|Any CPU
		{75673073-E5DB-468A-B844-45290245E44E}.Release|Any CPU.ActiveCfg = Release|Any CPU
		{75673073-E5DB-468A-B844-45290245E44E}.Release|Any CPU.Build.0 = Release|Any CPU
		{489B9691-B182-4FA7-9FE2-9CA5427321C4}.Debug|Any CPU.ActiveCfg = Debug|Any CPU
		{489B9691-B182-4FA7-9FE2-9CA5427321C4}.Debug|Any CPU.Build.0 = Debug|Any CPU
		{489B9691-B182-4FA7-9FE2-9CA5427321C4}.Release|Any CPU.ActiveCfg = Release|Any CPU
		{489B9691-B182-4FA7-9FE2-9CA5427321C4}.Release|Any CPU.Build.0 = Release|Any CPU
		{65143C5E-98F8-4185-8696-BE3F184C7515}.Debug|Any CPU.ActiveCfg = Debug|Any CPU
		{65143C5E-98F8-4185-8696-BE3F184C7515}.Debug|Any CPU.Build.0 = Debug|Any CPU
		{65143C5E-98F8-4185-8696-BE3F184C7515}.Release|Any CPU.ActiveCfg = Release|Any CPU
		{65143C5E-98F8-4185-8696-BE3F184C7515}.Release|Any CPU.Build.0 = Release|Any CPU
		{AB7F7B16-D880-4521-AD2C-6D0EF5C5A1E0}.Debug|Any CPU.ActiveCfg = Debug|Any CPU
		{AB7F7B16-D880-4521-AD2C-6D0EF5C5A1E0}.Debug|Any CPU.Build.0 = Debug|Any CPU
		{AB7F7B16-D880-4521-AD2C-6D0EF5C5A1E0}.Release|Any CPU.ActiveCfg = Release|Any CPU
		{AB7F7B16-D880-4521-AD2C-6D0EF5C5A1E0}.Release|Any CPU.Build.0 = Release|Any CPU
		{12D7D848-A55B-4A60-9FE7-87E0AE5FFDB2}.Debug|Any CPU.ActiveCfg = Debug|Any CPU
		{12D7D848-A55B-4A60-9FE7-87E0AE5FFDB2}.Debug|Any CPU.Build.0 = Debug|Any CPU
		{12D7D848-A55B-4A60-9FE7-87E0AE5FFDB2}.Release|Any CPU.ActiveCfg = Release|Any CPU
		{12D7D848-A55B-4A60-9FE7-87E0AE5FFDB2}.Release|Any CPU.Build.0 = Release|Any CPU
		{1B15DF07-D099-4B84-B636-2B79131AA7E8}.Debug|Any CPU.ActiveCfg = Debug|Any CPU
		{1B15DF07-D099-4B84-B636-2B79131AA7E8}.Debug|Any CPU.Build.0 = Debug|Any CPU
		{1B15DF07-D099-4B84-B636-2B79131AA7E8}.Release|Any CPU.ActiveCfg = Release|Any CPU
		{1B15DF07-D099-4B84-B636-2B79131AA7E8}.Release|Any CPU.Build.0 = Release|Any CPU
		{67B73767-35E7-4582-830F-936DB25CF272}.Debug|Any CPU.ActiveCfg = Debug|Any CPU
		{67B73767-35E7-4582-830F-936DB25CF272}.Debug|Any CPU.Build.0 = Debug|Any CPU
		{67B73767-35E7-4582-830F-936DB25CF272}.Release|Any CPU.ActiveCfg = Release|Any CPU
		{67B73767-35E7-4582-830F-936DB25CF272}.Release|Any CPU.Build.0 = Release|Any CPU
		{24A41298-3626-4234-933D-35B53A8CA5F8}.Debug|Any CPU.ActiveCfg = Debug|Any CPU
		{24A41298-3626-4234-933D-35B53A8CA5F8}.Debug|Any CPU.Build.0 = Debug|Any CPU
		{24A41298-3626-4234-933D-35B53A8CA5F8}.Release|Any CPU.ActiveCfg = Release|Any CPU
		{24A41298-3626-4234-933D-35B53A8CA5F8}.Release|Any CPU.Build.0 = Release|Any CPU
		{A066203A-8584-4D70-923F-D1BD880100A9}.Debug|Any CPU.ActiveCfg = Debug|Any CPU
		{A066203A-8584-4D70-923F-D1BD880100A9}.Debug|Any CPU.Build.0 = Debug|Any CPU
		{A066203A-8584-4D70-923F-D1BD880100A9}.Release|Any CPU.ActiveCfg = Release|Any CPU
		{A066203A-8584-4D70-923F-D1BD880100A9}.Release|Any CPU.Build.0 = Release|Any CPU
		{AA2D8D66-3703-4696-AF66-CC941A56C8AE}.Debug|Any CPU.ActiveCfg = Debug|Any CPU
		{AA2D8D66-3703-4696-AF66-CC941A56C8AE}.Debug|Any CPU.Build.0 = Debug|Any CPU
		{AA2D8D66-3703-4696-AF66-CC941A56C8AE}.Release|Any CPU.ActiveCfg = Release|Any CPU
		{AA2D8D66-3703-4696-AF66-CC941A56C8AE}.Release|Any CPU.Build.0 = Release|Any CPU
		{F1B41467-286C-42BA-A13C-AC5A2F47F476}.Debug|Any CPU.ActiveCfg = Debug|Any CPU
		{F1B41467-286C-42BA-A13C-AC5A2F47F476}.Debug|Any CPU.Build.0 = Debug|Any CPU
		{F1B41467-286C-42BA-A13C-AC5A2F47F476}.Release|Any CPU.ActiveCfg = Release|Any CPU
		{F1B41467-286C-42BA-A13C-AC5A2F47F476}.Release|Any CPU.Build.0 = Release|Any CPU
	EndGlobalSection
EndGlobal
